
Microsoft Visual Studio Solution File, Format Version 12.00
# Visual Studio Version 16
VisualStudioVersion = 16.0.30804.86
MinimumVisualStudioVersion = 10.0.40219.1
Project("{FAE04EC0-301F-11D3-BF4B-00C04F79EFBC}") = "gittest", "gittest\gittest.csproj", "{EE0E06CC-96D2-4075-89AB-7A5C74C60C4F}"
EndProject
Global
	GlobalSection(SolutionConfigurationPlatforms) = preSolution
		Debug|Any CPU = Debug|Any CPU
		Release|Any CPU = Release|Any CPU
	EndGlobalSection
	GlobalSection(ProjectConfigurationPlatforms) = postSolution
		{EE0E06CC-96D2-4075-89AB-7A5C74C60C4F}.Debug|Any CPU.ActiveCfg = Debug|Any CPU
		{EE0E06CC-96D2-4075-89AB-7A5C74C60C4F}.Debug|Any CPU.Build.0 = Debug|Any CPU
		{EE0E06CC-96D2-4075-89AB-7A5C74C60C4F}.Release|Any CPU.ActiveCfg = Release|Any CPU
		{EE0E06CC-96D2-4075-89AB-7A5C74C60C4F}.Release|Any CPU.Build.0 = Release|Any CPU
	EndGlobalSection
	GlobalSection(SolutionProperties) = preSolution
		HideSolutionNode = FALSE
	EndGlobalSection
	GlobalSection(ExtensibilityGlobals) = postSolution
		SolutionGuid = {CEDCC6CB-9EDF-4C03-8145-4C11621192E7}
	EndGlobalSection
EndGlobal
